
Microsoft Visual Studio Solution File, Format Version 12.00
# Visual Studio Version 17
VisualStudioVersion = 17.6.33829.357
MinimumVisualStudioVersion = 10.0.40219.1
Project("{9A19103F-16F7-4668-BE54-9A1E7A4F7556}") = "Entities", "Entities\Entities.csproj", "{4BE8F30B-D01F-42C3-9812-24230BD47EF3}"
EndProject
Project("{9A19103F-16F7-4668-BE54-9A1E7A4F7556}") = "DataAccess", "DataAccess\DataAccess.csproj", "{C7678982-2C2B-4FC4-B039-B1CB8234F374}"
EndProject
Project("{9A19103F-16F7-4668-BE54-9A1E7A4F7556}") = "Core", "Core\Core.csproj", "{8E98B918-ABB3-4169-987F-E3F8B58FB66C}"
EndProject
Project("{9A19103F-16F7-4668-BE54-9A1E7A4F7556}") = "MVCWebUI", "MVCWebUI\MVCWebUI.csproj", "{F8EB377D-FCDD-4874-908D-1B4F3072A22A}"
EndProject
Project("{FAE04EC0-301F-11D3-BF4B-00C04F79EFBC}") = "Business", "Business\Business.csproj", "{FB808E8E-ECD0-4122-A67C-9F1928B4F9B3}"
EndProject
Global
	GlobalSection(SolutionConfigurationPlatforms) = preSolution
		Debug|Any CPU = Debug|Any CPU
		Release|Any CPU = Release|Any CPU
	EndGlobalSection
	GlobalSection(ProjectConfigurationPlatforms) = postSolution
		{4BE8F30B-D01F-42C3-9812-24230BD47EF3}.Debug|Any CPU.ActiveCfg = Debug|Any CPU
		{4BE8F30B-D01F-42C3-9812-24230BD47EF3}.Debug|Any CPU.Build.0 = Debug|Any CPU
		{4BE8F30B-D01F-42C3-9812-24230BD47EF3}.Release|Any CPU.ActiveCfg = Release|Any CPU
		{4BE8F30B-D01F-42C3-9812-24230BD47EF3}.Release|Any CPU.Build.0 = Release|Any CPU
		{C7678982-2C2B-4FC4-B039-B1CB8234F374}.Debug|Any CPU.ActiveCfg = Debug|Any CPU
		{C7678982-2C2B-4FC4-B039-B1CB8234F374}.Debug|Any CPU.Build.0 = Debug|Any CPU
		{C7678982-2C2B-4FC4-B039-B1CB8234F374}.Release|Any CPU.ActiveCfg = Release|Any CPU
		{C7678982-2C2B-4FC4-B039-B1CB8234F374}.Release|Any CPU.Build.0 = Release|Any CPU
		{8E98B918-ABB3-4169-987F-E3F8B58FB66C}.Debug|Any CPU.ActiveCfg = Debug|Any CPU
		{8E98B918-ABB3-4169-987F-E3F8B58FB66C}.Debug|Any CPU.Build.0 = Debug|Any CPU
		{8E98B918-ABB3-4169-987F-E3F8B58FB66C}.Release|Any CPU.ActiveCfg = Release|Any CPU
		{8E98B918-ABB3-4169-987F-E3F8B58FB66C}.Release|Any CPU.Build.0 = Release|Any CPU
		{F8EB377D-FCDD-4874-908D-1B4F3072A22A}.Debug|Any CPU.ActiveCfg = Debug|Any CPU
		{F8EB377D-FCDD-4874-908D-1B4F3072A22A}.Debug|Any CPU.Build.0 = Debug|Any CPU
		{F8EB377D-FCDD-4874-908D-1B4F3072A22A}.Release|Any CPU.ActiveCfg = Release|Any CPU
		{F8EB377D-FCDD-4874-908D-1B4F3072A22A}.Release|Any CPU.Build.0 = Release|Any CPU
		{FB808E8E-ECD0-4122-A67C-9F1928B4F9B3}.Debug|Any CPU.ActiveCfg = Debug|Any CPU
		{FB808E8E-ECD0-4122-A67C-9F1928B4F9B3}.Debug|Any CPU.Build.0 = Debug|Any CPU
		{FB808E8E-ECD0-4122-A67C-9F1928B4F9B3}.Release|Any CPU.ActiveCfg = Release|Any CPU
		{FB808E8E-ECD0-4122-A67C-9F1928B4F9B3}.Release|Any CPU.Build.0 = Release|Any CPU
	EndGlobalSection
	GlobalSection(SolutionProperties) = preSolution
		HideSolutionNode = FALSE
	EndGlobalSection
	GlobalSection(ExtensibilityGlobals) = postSolution
		SolutionGuid = {283517A7-02FA-40BB-B65D-E25A64A9702D}
	EndGlobalSection
EndGlobal
